
Microsoft Visual Studio Solution File, Format Version 12.00
# Visual Studio Version 16
VisualStudioVersion = 16.0.30204.135
MinimumVisualStudioVersion = 10.0.40219.1
Project("{FAE04EC0-301F-11D3-BF4B-00C04F79EFBC}") = "DesktopFacebookInterface", "DesktopFacebookInterface\DesktopFacebookInterface.csproj", "{81F716FB-D3B9-4EEF-A876-556BFF99A86B}"
EndProject
Global
	GlobalSection(SolutionConfigurationPlatforms) = preSolution
		Debug|Any CPU = Debug|Any CPU
		Release|Any CPU = Release|Any CPU
	EndGlobalSection
	GlobalSection(ProjectConfigurationPlatforms) = postSolution
		{81F716FB-D3B9-4EEF-A876-556BFF99A86B}.Debug|Any CPU.ActiveCfg = Debug|Any CPU
		{81F716FB-D3B9-4EEF-A876-556BFF99A86B}.Debug|Any CPU.Build.0 = Debug|Any CPU
		{81F716FB-D3B9-4EEF-A876-556BFF99A86B}.Release|Any CPU.ActiveCfg = Release|Any CPU
		{81F716FB-D3B9-4EEF-A876-556BFF99A86B}.Release|Any CPU.Build.0 = Release|Any CPU
	EndGlobalSection
	GlobalSection(SolutionProperties) = preSolution
		HideSolutionNode = FALSE
	EndGlobalSection
	GlobalSection(ExtensibilityGlobals) = postSolution
		SolutionGuid = {655AF30E-2B8E-48FC-BC5E-07D84A4CEEA2}
	EndGlobalSection
EndGlobal
